// !$*UTF8*$!
{
	archiveVersion = 1;
	classes = {
	};
	objectVersion = 46;
	objects = {

/* Begin PBXBuildFile section */
		B843903B1BA5BF2500D684EB /* coffeeBrands.txt in Resources */ = {isa = PBXBuildFile; fileRef = B843903A1BA5BF2500D684EB /* coffeeBrands.txt */; };
		B843903F1BA5C8FF00D684EB /* BrandModel.swift in Sources */ = {isa = PBXBuildFile; fileRef = B843903E1BA5C8FF00D684EB /* BrandModel.swift */; };
		B84390421BA60D2C00D684EB /* BrandsTableViewController.swift in Sources */ = {isa = PBXBuildFile; fileRef = B84390411BA60D2C00D684EB /* BrandsTableViewController.swift */; };
		B84A87BB1B92189600790F35 /* checked.png in Resources */ = {isa = PBXBuildFile; fileRef = B84A87B91B92189600790F35 /* checked.png */; };
		B84A87BC1B92189600790F35 /* unchecked.png in Resources */ = {isa = PBXBuildFile; fileRef = B84A87BA1B92189600790F35 /* unchecked.png */; };
		B84A87BE1B921C5300790F35 /* TimerModel.swift in Sources */ = {isa = PBXBuildFile; fileRef = B84A87BD1B921C5300790F35 /* TimerModel.swift */; };
		B84A87C01B9382D400790F35 /* NFCheckboxButton.swift in Sources */ = {isa = PBXBuildFile; fileRef = B84A87BF1B9382D400790F35 /* NFCheckboxButton.swift */; };
		B868C10D1B77C2AB00E37141 /* TimerDetailViewController.swift in Sources */ = {isa = PBXBuildFile; fileRef = B868C10C1B77C2AB00E37141 /* TimerDetailViewController.swift */; };
		B868C1111B77DFAE00E37141 /* TimerEditViewController.swift in Sources */ = {isa = PBXBuildFile; fileRef = B868C1101B77DFAE00E37141 /* TimerEditViewController.swift */; };
		B890332D1B8A8EB1009D8431 /* InfoPlist.strings in Resources */ = {isa = PBXBuildFile; fileRef = B890332F1B8A8EB1009D8431 /* InfoPlist.strings */; };
		B8A6A4911BADC44E00A8A437 /* FavoritesTableViewController.swift in Sources */ = {isa = PBXBuildFile; fileRef = B8A6A4901BADC44E00A8A437 /* FavoritesTableViewController.swift */; };
		B8B511291B7F92C80074056A /* TimerListTableViewController.swift in Sources */ = {isa = PBXBuildFile; fileRef = B8B511281B7F92C80074056A /* TimerListTableViewController.swift */; };
		B8C0C0271B8BE6E400C9EB27 /* CoreDataStack.swift in Sources */ = {isa = PBXBuildFile; fileRef = B8C0C0261B8BE6E400C9EB27 /* CoreDataStack.swift */; };
		B8C0C02A1B8BEFD900C9EB27 /* CoffeeTimer.xcdatamodeld in Sources */ = {isa = PBXBuildFile; fileRef = B8C0C0281B8BEFD900C9EB27 /* CoffeeTimer.xcdatamodeld */; };
		B8E192981B7371E90073004F /* AppDelegate.swift in Sources */ = {isa = PBXBuildFile; fileRef = B8E192971B7371E90073004F /* AppDelegate.swift */; };
		B8E1929D1B7371E90073004F /* Main.storyboard in Resources */ = {isa = PBXBuildFile; fileRef = B8E1929B1B7371E90073004F /* Main.storyboard */; };
		B8E1929F1B7371E90073004F /* Images.xcassets in Resources */ = {isa = PBXBuildFile; fileRef = B8E1929E1B7371E90073004F /* Images.xcassets */; };
		B8E192A21B7371E90073004F /* LaunchScreen.xib in Resources */ = {isa = PBXBuildFile; fileRef = B8E192A01B7371E90073004F /* LaunchScreen.xib */; };
		B8E192AE1B7371EA0073004F /* Coffee_TimerTests.swift in Sources */ = {isa = PBXBuildFile; fileRef = B8E192AD1B7371EA0073004F /* Coffee_TimerTests.swift */; };
		B8F0A1FD1BA2E6FA00533FBA /* ListTableViewController.swift in Sources */ = {isa = PBXBuildFile; fileRef = B8F0A1FC1BA2E6FA00533FBA /* ListTableViewController.swift */; };
/* End PBXBuildFile section */

/* Begin PBXContainerItemProxy section */
		B8E192A81B7371E90073004F /* PBXContainerItemProxy */ = {
			isa = PBXContainerItemProxy;
			containerPortal = B8E1928A1B7371E90073004F /* Project object */;
			proxyType = 1;
			remoteGlobalIDString = B8E192911B7371E90073004F;
			remoteInfo = "Coffee Timer";
		};
/* End PBXContainerItemProxy section */

/* Begin PBXFileReference section */
		B843903A1BA5BF2500D684EB /* coffeeBrands.txt */ = {isa = PBXFileReference; fileEncoding = 4; lastKnownFileType = text; path = coffeeBrands.txt; sourceTree = "<group>"; };
		B843903E1BA5C8FF00D684EB /* BrandModel.swift */ = {isa = PBXFileReference; fileEncoding = 4; lastKnownFileType = sourcecode.swift; path = BrandModel.swift; sourceTree = "<group>"; };
		B84390411BA60D2C00D684EB /* BrandsTableViewController.swift */ = {isa = PBXFileReference; fileEncoding = 4; lastKnownFileType = sourcecode.swift; path = BrandsTableViewController.swift; sourceTree = "<group>"; };
		B84A87B91B92189600790F35 /* checked.png */ = {isa = PBXFileReference; lastKnownFileType = image.png; path = checked.png; sourceTree = "<group>"; };
		B84A87BA1B92189600790F35 /* unchecked.png */ = {isa = PBXFileReference; lastKnownFileType = image.png; path = unchecked.png; sourceTree = "<group>"; };
		B84A87BD1B921C5300790F35 /* TimerModel.swift */ = {isa = PBXFileReference; fileEncoding = 4; lastKnownFileType = sourcecode.swift; name = TimerModel.swift; path = "Coffee Timer/TimerModel.swift"; sourceTree = "<group>"; };
		B84A87BF1B9382D400790F35 /* NFCheckboxButton.swift */ = {isa = PBXFileReference; fileEncoding = 4; lastKnownFileType = sourcecode.swift; path = NFCheckboxButton.swift; sourceTree = "<group>"; };
		B868C10C1B77C2AB00E37141 /* TimerDetailViewController.swift */ = {isa = PBXFileReference; fileEncoding = 4; lastKnownFileType = sourcecode.swift; path = TimerDetailViewController.swift; sourceTree = "<group>"; };
		B868C1101B77DFAE00E37141 /* TimerEditViewController.swift */ = {isa = PBXFileReference; fileEncoding = 4; lastKnownFileType = sourcecode.swift; path = TimerEditViewController.swift; sourceTree = "<group>"; };
		B89033291B8A68BA009D8431 /* fr */ = {isa = PBXFileReference; lastKnownFileType = text.plist.strings; name = fr; path = fr.lproj/Main.strings; sourceTree = "<group>"; };
		B890332A1B8A68BA009D8431 /* fr */ = {isa = PBXFileReference; lastKnownFileType = text.plist.strings; name = fr; path = fr.lproj/LaunchScreen.strings; sourceTree = "<group>"; };
		B890332E1B8A8EB1009D8431 /* Base */ = {isa = PBXFileReference; lastKnownFileType = text.plist.strings; name = Base; path = Base.lproj/InfoPlist.strings; sourceTree = "<group>"; };
		B89033301B8A8EB4009D8431 /* fr */ = {isa = PBXFileReference; lastKnownFileType = text.plist.strings; name = fr; path = fr.lproj/InfoPlist.strings; sourceTree = "<group>"; };
		B8A6A4901BADC44E00A8A437 /* FavoritesTableViewController.swift */ = {isa = PBXFileReference; fileEncoding = 4; lastKnownFileType = sourcecode.swift; path = FavoritesTableViewController.swift; sourceTree = "<group>"; };
		B8B511281B7F92C80074056A /* TimerListTableViewController.swift */ = {isa = PBXFileReference; fileEncoding = 4; lastKnownFileType = sourcecode.swift; path = TimerListTableViewController.swift; sourceTree = "<group>"; };
		B8C0C0261B8BE6E400C9EB27 /* CoreDataStack.swift */ = {isa = PBXFileReference; fileEncoding = 4; lastKnownFileType = sourcecode.swift; name = CoreDataStack.swift; path = ../CoreDataStack.swift; sourceTree = "<group>"; };
		B8C0C0291B8BEFD900C9EB27 /* CoffeeTimer.xcdatamodel */ = {isa = PBXFileReference; lastKnownFileType = wrapper.xcdatamodel; path = CoffeeTimer.xcdatamodel; sourceTree = "<group>"; };
		B8E192921B7371E90073004F /* Coffee Timer.app */ = {isa = PBXFileReference; explicitFileType = wrapper.application; includeInIndex = 0; path = "Coffee Timer.app"; sourceTree = BUILT_PRODUCTS_DIR; };
		B8E192961B7371E90073004F /* Info.plist */ = {isa = PBXFileReference; lastKnownFileType = text.plist.xml; path = Info.plist; sourceTree = "<group>"; };
		B8E192971B7371E90073004F /* AppDelegate.swift */ = {isa = PBXFileReference; lastKnownFileType = sourcecode.swift; path = AppDelegate.swift; sourceTree = "<group>"; };
		B8E1929C1B7371E90073004F /* Base */ = {isa = PBXFileReference; lastKnownFileType = file.storyboard; name = Base; path = Base.lproj/Main.storyboard; sourceTree = "<group>"; };
		B8E1929E1B7371E90073004F /* Images.xcassets */ = {isa = PBXFileReference; lastKnownFileType = folder.assetcatalog; path = Images.xcassets; sourceTree = "<group>"; };
		B8E192A11B7371E90073004F /* Base */ = {isa = PBXFileReference; lastKnownFileType = file.xib; name = Base; path = Base.lproj/LaunchScreen.xib; sourceTree = "<group>"; };
		B8E192A71B7371E90073004F /* Coffee TimerTests.xctest */ = {isa = PBXFileReference; explicitFileType = wrapper.cfbundle; includeInIndex = 0; path = "Coffee TimerTests.xctest"; sourceTree = BUILT_PRODUCTS_DIR; };
		B8E192AC1B7371EA0073004F /* Info.plist */ = {isa = PBXFileReference; lastKnownFileType = text.plist.xml; path = Info.plist; sourceTree = "<group>"; };
		B8E192AD1B7371EA0073004F /* Coffee_TimerTests.swift */ = {isa = PBXFileReference; lastKnownFileType = sourcecode.swift; path = Coffee_TimerTests.swift; sourceTree = "<group>"; };
		B8F0A1FC1BA2E6FA00533FBA /* ListTableViewController.swift */ = {isa = PBXFileReference; fileEncoding = 4; lastKnownFileType = sourcecode.swift; path = ListTableViewController.swift; sourceTree = "<group>"; };
/* End PBXFileReference section */

/* Begin PBXFrameworksBuildPhase section */
		B8E1928F1B7371E90073004F /* Frameworks */ = {
			isa = PBXFrameworksBuildPhase;
			buildActionMask = 2147483647;
			files = (
			);
			runOnlyForDeploymentPostprocessing = 0;
		};
		B8E192A41B7371E90073004F /* Frameworks */ = {
			isa = PBXFrameworksBuildPhase;
			buildActionMask = 2147483647;
			files = (
			);
			runOnlyForDeploymentPostprocessing = 0;
		};
/* End PBXFrameworksBuildPhase section */

/* Begin PBXGroup section */
		B868C10E1B77C3FB00E37141 /* View Controllers */ = {
			isa = PBXGroup;
			children = (
				B868C1101B77DFAE00E37141 /* TimerEditViewController.swift */,
				B868C10C1B77C2AB00E37141 /* TimerDetailViewController.swift */,
				B8B511281B7F92C80074056A /* TimerListTableViewController.swift */,
				B8F0A1FC1BA2E6FA00533FBA /* ListTableViewController.swift */,
				B84390411BA60D2C00D684EB /* BrandsTableViewController.swift */,
				B8A6A4901BADC44E00A8A437 /* FavoritesTableViewController.swift */,
			);
			name = "View Controllers";
			sourceTree = "<group>";
		};
		B868C10F1B77C42A00E37141 /* Models */ = {
			isa = PBXGroup;
			children = (
			);
			name = Models;
			sourceTree = "<group>";
		};
		B8E192891B7371E90073004F = {
			isa = PBXGroup;
			children = (
				B84A87BF1B9382D400790F35 /* NFCheckboxButton.swift */,
				B84A87BD1B921C5300790F35 /* TimerModel.swift */,
				B843903E1BA5C8FF00D684EB /* BrandModel.swift */,
				B8E192941B7371E90073004F /* Coffee Timer */,
				B8E192AA1B7371E90073004F /* Coffee TimerTests */,
				B8E192931B7371E90073004F /* Products */,
			);
			sourceTree = "<group>";
		};
		B8E192931B7371E90073004F /* Products */ = {
			isa = PBXGroup;
			children = (
				B8E192921B7371E90073004F /* Coffee Timer.app */,
				B8E192A71B7371E90073004F /* Coffee TimerTests.xctest */,
			);
			name = Products;
			sourceTree = "<group>";
		};
		B8E192941B7371E90073004F /* Coffee Timer */ = {
			isa = PBXGroup;
			children = (
				B84A87B91B92189600790F35 /* checked.png */,
				B84A87BA1B92189600790F35 /* unchecked.png */,
				B8C0C0261B8BE6E400C9EB27 /* CoreDataStack.swift */,
				B8E192971B7371E90073004F /* AppDelegate.swift */,
				B8C0C0281B8BEFD900C9EB27 /* CoffeeTimer.xcdatamodeld */,
				B8E1929B1B7371E90073004F /* Main.storyboard */,
				B868C10F1B77C42A00E37141 /* Models */,
				B868C10E1B77C3FB00E37141 /* View Controllers */,
				B8E1929E1B7371E90073004F /* Images.xcassets */,
				B8E192951B7371E90073004F /* Supporting Files */,
			);
			path = "Coffee Timer";
			sourceTree = "<group>";
		};
		B8E192951B7371E90073004F /* Supporting Files */ = {
			isa = PBXGroup;
			children = (
				B843903A1BA5BF2500D684EB /* coffeeBrands.txt */,
				B8E192A01B7371E90073004F /* LaunchScreen.xib */,
				B8E192961B7371E90073004F /* Info.plist */,
				B890332F1B8A8EB1009D8431 /* InfoPlist.strings */,
			);
			name = "Supporting Files";
			sourceTree = "<group>";
		};
		B8E192AA1B7371E90073004F /* Coffee TimerTests */ = {
			isa = PBXGroup;
			children = (
				B8E192AD1B7371EA0073004F /* Coffee_TimerTests.swift */,
				B8E192AB1B7371EA0073004F /* Supporting Files */,
			);
			path = "Coffee TimerTests";
			sourceTree = "<group>";
		};
		B8E192AB1B7371EA0073004F /* Supporting Files */ = {
			isa = PBXGroup;
			children = (
				B8E192AC1B7371EA0073004F /* Info.plist */,
			);
			name = "Supporting Files";
			sourceTree = "<group>";
		};
/* End PBXGroup section */

/* Begin PBXNativeTarget section */
		B8E192911B7371E90073004F /* Coffee Timer */ = {
			isa = PBXNativeTarget;
			buildConfigurationList = B8E192B11B7371EA0073004F /* Build configuration list for PBXNativeTarget "Coffee Timer" */;
			buildPhases = (
				B8E1928E1B7371E90073004F /* Sources */,
				B8E1928F1B7371E90073004F /* Frameworks */,
				B8E192901B7371E90073004F /* Resources */,
			);
			buildRules = (
			);
			dependencies = (
			);
			name = "Coffee Timer";
			productName = "Coffee Timer";
			productReference = B8E192921B7371E90073004F /* Coffee Timer.app */;
			productType = "com.apple.product-type.application";
		};
		B8E192A61B7371E90073004F /* Coffee TimerTests */ = {
			isa = PBXNativeTarget;
			buildConfigurationList = B8E192B41B7371EA0073004F /* Build configuration list for PBXNativeTarget "Coffee TimerTests" */;
			buildPhases = (
				B8E192A31B7371E90073004F /* Sources */,
				B8E192A41B7371E90073004F /* Frameworks */,
				B8E192A51B7371E90073004F /* Resources */,
			);
			buildRules = (
			);
			dependencies = (
				B8E192A91B7371E90073004F /* PBXTargetDependency */,
			);
			name = "Coffee TimerTests";
			productName = "Coffee TimerTests";
			productReference = B8E192A71B7371E90073004F /* Coffee TimerTests.xctest */;
			productType = "com.apple.product-type.bundle.unit-test";
		};
/* End PBXNativeTarget section */

/* Begin PBXProject section */
		B8E1928A1B7371E90073004F /* Project object */ = {
			isa = PBXProject;
			attributes = {
				LastSwiftUpdateCheck = 0700;
				LastUpgradeCheck = 0640;
				ORGANIZATIONNAME = "Wildcat Productions";
				TargetAttributes = {
					B8E192911B7371E90073004F = {
						CreatedOnToolsVersion = 6.4;
						DevelopmentTeam = KD7N7R2FNY;
					};
					B8E192A61B7371E90073004F = {
						CreatedOnToolsVersion = 6.4;
						TestTargetID = B8E192911B7371E90073004F;
					};
				};
			};
			buildConfigurationList = B8E1928D1B7371E90073004F /* Build configuration list for PBXProject "Coffee Timer" */;
			compatibilityVersion = "Xcode 3.2";
			developmentRegion = English;
			hasScannedForEncodings = 0;
			knownRegions = (
				en,
				Base,
				fr,
			);
			mainGroup = B8E192891B7371E90073004F;
			productRefGroup = B8E192931B7371E90073004F /* Products */;
			projectDirPath = "";
			projectRoot = "";
			targets = (
				B8E192911B7371E90073004F /* Coffee Timer */,
				B8E192A61B7371E90073004F /* Coffee TimerTests */,
			);
		};
/* End PBXProject section */

/* Begin PBXResourcesBuildPhase section */
		B8E192901B7371E90073004F /* Resources */ = {
			isa = PBXResourcesBuildPhase;
			buildActionMask = 2147483647;
			files = (
				B84A87BB1B92189600790F35 /* checked.png in Resources */,
				B8E1929D1B7371E90073004F /* Main.storyboard in Resources */,
				B890332D1B8A8EB1009D8431 /* InfoPlist.strings in Resources */,
				B843903B1BA5BF2500D684EB /* coffeeBrands.txt in Resources */,
				B8E192A21B7371E90073004F /* LaunchScreen.xib in Resources */,
				B84A87BC1B92189600790F35 /* unchecked.png in Resources */,
				B8E1929F1B7371E90073004F /* Images.xcassets in Resources */,
			);
			runOnlyForDeploymentPostprocessing = 0;
		};
		B8E192A51B7371E90073004F /* Resources */ = {
			isa = PBXResourcesBuildPhase;
			buildActionMask = 2147483647;
			files = (
			);
			runOnlyForDeploymentPostprocessing = 0;
		};
/* End PBXResourcesBuildPhase section */

/* Begin PBXSourcesBuildPhase section */
		B8E1928E1B7371E90073004F /* Sources */ = {
			isa = PBXSourcesBuildPhase;
			buildActionMask = 2147483647;
			files = (
				B84A87C01B9382D400790F35 /* NFCheckboxButton.swift in Sources */,
				B8C0C02A1B8BEFD900C9EB27 /* CoffeeTimer.xcdatamodeld in Sources */,
				B868C1111B77DFAE00E37141 /* TimerEditViewController.swift in Sources */,
				B8A6A4911BADC44E00A8A437 /* FavoritesTableViewController.swift in Sources */,
				B868C10D1B77C2AB00E37141 /* TimerDetailViewController.swift in Sources */,
				B8C0C0271B8BE6E400C9EB27 /* CoreDataStack.swift in Sources */,
				B84A87BE1B921C5300790F35 /* TimerModel.swift in Sources */,
				B8F0A1FD1BA2E6FA00533FBA /* ListTableViewController.swift in Sources */,
				B843903F1BA5C8FF00D684EB /* BrandModel.swift in Sources */,
				B84390421BA60D2C00D684EB /* BrandsTableViewController.swift in Sources */,
				B8B511291B7F92C80074056A /* TimerListTableViewController.swift in Sources */,
				B8E192981B7371E90073004F /* AppDelegate.swift in Sources */,
			);
			runOnlyForDeploymentPostprocessing = 0;
		};
		B8E192A31B7371E90073004F /* Sources */ = {
			isa = PBXSourcesBuildPhase;
			buildActionMask = 2147483647;
			files = (
				B8E192AE1B7371EA0073004F /* Coffee_TimerTests.swift in Sources */,
			);
			runOnlyForDeploymentPostprocessing = 0;
		};
/* End PBXSourcesBuildPhase section */

/* Begin PBXTargetDependency section */
		B8E192A91B7371E90073004F /* PBXTargetDependency */ = {
			isa = PBXTargetDependency;
			target = B8E192911B7371E90073004F /* Coffee Timer */;
			targetProxy = B8E192A81B7371E90073004F /* PBXContainerItemProxy */;
		};
/* End PBXTargetDependency section */

/* Begin PBXVariantGroup section */
		B890332F1B8A8EB1009D8431 /* InfoPlist.strings */ = {
			isa = PBXVariantGroup;
			children = (
				B890332E1B8A8EB1009D8431 /* Base */,
				B89033301B8A8EB4009D8431 /* fr */,
			);
			name = InfoPlist.strings;
			sourceTree = "<group>";
		};
		B8E1929B1B7371E90073004F /* Main.storyboard */ = {
			isa = PBXVariantGroup;
			children = (
				B8E1929C1B7371E90073004F /* Base */,
				B89033291B8A68BA009D8431 /* fr */,
			);
			name = Main.storyboard;
			sourceTree = "<group>";
		};
		B8E192A01B7371E90073004F /* LaunchScreen.xib */ = {
			isa = PBXVariantGroup;
			children = (
				B8E192A11B7371E90073004F /* Base */,
				B890332A1B8A68BA009D8431 /* fr */,
			);
			name = LaunchScreen.xib;
			sourceTree = "<group>";
		};
/* End PBXVariantGroup section */

/* Begin XCBuildConfiguration section */
		B8E192AF1B7371EA0073004F /* Debug */ = {
			isa = XCBuildConfiguration;
			buildSettings = {
				ALWAYS_SEARCH_USER_PATHS = NO;
				CLANG_CXX_LANGUAGE_STANDARD = "gnu++0x";
				CLANG_CXX_LIBRARY = "libc++";
				CLANG_ENABLE_MODULES = YES;
				CLANG_ENABLE_OBJC_ARC = YES;
				CLANG_WARN_BOOL_CONVERSION = YES;
				CLANG_WARN_CONSTANT_CONVERSION = YES;
				CLANG_WARN_DIRECT_OBJC_ISA_USAGE = YES_ERROR;
				CLANG_WARN_EMPTY_BODY = YES;
				CLANG_WARN_ENUM_CONVERSION = YES;
				CLANG_WARN_INT_CONVERSION = YES;
				CLANG_WARN_OBJC_ROOT_CLASS = YES_ERROR;
				CLANG_WARN_UNREACHABLE_CODE = YES;
				CLANG_WARN__DUPLICATE_METHOD_MATCH = YES;
				"CODE_SIGN_IDENTITY[sdk=iphoneos*]" = "iPhone Developer";
				COPY_PHASE_STRIP = NO;
				DEBUG_INFORMATION_FORMAT = "dwarf-with-dsym";
				ENABLE_STRICT_OBJC_MSGSEND = YES;
				GCC_C_LANGUAGE_STANDARD = gnu99;
				GCC_DYNAMIC_NO_PIC = NO;
				GCC_NO_COMMON_BLOCKS = YES;
				GCC_OPTIMIZATION_LEVEL = 0;
				GCC_PREPROCESSOR_DEFINITIONS = (
					"DEBUG=1",
					"$(inherited)",
				);
				GCC_SYMBOLS_PRIVATE_EXTERN = NO;
				GCC_WARN_64_TO_32_BIT_CONVERSION = YES;
				GCC_WARN_ABOUT_RETURN_TYPE = YES_ERROR;
				GCC_WARN_UNDECLARED_SELECTOR = YES;
				GCC_WARN_UNINITIALIZED_AUTOS = YES_AGGRESSIVE;
				GCC_WARN_UNUSED_FUNCTION = YES;
				GCC_WARN_UNUSED_VARIABLE = YES;
				IPHONEOS_DEPLOYMENT_TARGET = 8.4;
				MTL_ENABLE_DEBUG_INFO = YES;
				ONLY_ACTIVE_ARCH = YES;
				SDKROOT = iphoneos;
				SWIFT_OPTIMIZATION_LEVEL = "-Onone";
				TARGETED_DEVICE_FAMILY = "1,2";
			};
			name = Debug;
		};
		B8E192B01B7371EA0073004F /* Release */ = {
			isa = XCBuildConfiguration;
			buildSettings = {
				ALWAYS_SEARCH_USER_PATHS = NO;
				CLANG_CXX_LANGUAGE_STANDARD = "gnu++0x";
				CLANG_CXX_LIBRARY = "libc++";
				CLANG_ENABLE_MODULES = YES;
				CLANG_ENABLE_OBJC_ARC = YES;
				CLANG_WARN_BOOL_CONVERSION = YES;
				CLANG_WARN_CONSTANT_CONVERSION = YES;
				CLANG_WARN_DIRECT_OBJC_ISA_USAGE = YES_ERROR;
				CLANG_WARN_EMPTY_BODY = YES;
				CLANG_WARN_ENUM_CONVERSION = YES;
				CLANG_WARN_INT_CONVERSION = YES;
				CLANG_WARN_OBJC_ROOT_CLASS = YES_ERROR;
				CLANG_WARN_UNREACHABLE_CODE = YES;
				CLANG_WARN__DUPLICATE_METHOD_MATCH = YES;
				"CODE_SIGN_IDENTITY[sdk=iphoneos*]" = "iPhone Developer";
				COPY_PHASE_STRIP = NO;
				DEBUG_INFORMATION_FORMAT = "dwarf-with-dsym";
				ENABLE_NS_ASSERTIONS = NO;
				ENABLE_STRICT_OBJC_MSGSEND = YES;
				GCC_C_LANGUAGE_STANDARD = gnu99;
				GCC_NO_COMMON_BLOCKS = YES;
				GCC_WARN_64_TO_32_BIT_CONVERSION = YES;
				GCC_WARN_ABOUT_RETURN_TYPE = YES_ERROR;
				GCC_WARN_UNDECLARED_SELECTOR = YES;
				GCC_WARN_UNINITIALIZED_AUTOS = YES_AGGRESSIVE;
				GCC_WARN_UNUSED_FUNCTION = YES;
				GCC_WARN_UNUSED_VARIABLE = YES;
				IPHONEOS_DEPLOYMENT_TARGET = 8.4;
				MTL_ENABLE_DEBUG_INFO = NO;
				SDKROOT = iphoneos;
				TARGETED_DEVICE_FAMILY = "1,2";
				VALIDATE_PRODUCT = YES;
			};
			name = Release;
		};
		B8E192B21B7371EA0073004F /* Debug */ = {
			isa = XCBuildConfiguration;
			buildSettings = {
				ASSETCATALOG_COMPILER_APPICON_NAME = AppIcon;
				CODE_SIGN_IDENTITY = "iPhone Developer";
				"CODE_SIGN_IDENTITY[sdk=iphoneos*]" = "iPhone Developer";
				INFOPLIST_FILE = "Coffee Timer/Info.plist";
				LD_RUNPATH_SEARCH_PATHS = "$(inherited) @executable_path/Frameworks";
				PRODUCT_NAME = "$(TARGET_NAME)";
				PROVISIONING_PROFILE = "";
				TARGETED_DEVICE_FAMILY = 1;
			};
			name = Debug;
		};
		B8E192B31B7371EA0073004F /* Release */ = {
			isa = XCBuildConfiguration;
			buildSettings = {
				ASSETCATALOG_COMPILER_APPICON_NAME = AppIcon;
				CODE_SIGN_IDENTITY = "iPhone Developer";
				"CODE_SIGN_IDENTITY[sdk=iphoneos*]" = "iPhone Developer";
				INFOPLIST_FILE = "Coffee Timer/Info.plist";
				LD_RUNPATH_SEARCH_PATHS = "$(inherited) @executable_path/Frameworks";
				PRODUCT_NAME = "$(TARGET_NAME)";
				PROVISIONING_PROFILE = "";
				TARGETED_DEVICE_FAMILY = 1;
			};
			name = Release;
		};
		B8E192B51B7371EA0073004F /* Debug */ = {
			isa = XCBuildConfiguration;
			buildSettings = {
				BUNDLE_LOADER = "$(TEST_HOST)";
				FRAMEWORK_SEARCH_PATHS = (
					"$(SDKROOT)/Developer/Library/Frameworks",
					"$(inherited)",
				);
				GCC_PREPROCESSOR_DEFINITIONS = (
					"DEBUG=1",
					"$(inherited)",
				);
				INFOPLIST_FILE = "Coffee TimerTests/Info.plist";
				LD_RUNPATH_SEARCH_PATHS = "$(inherited) @executable_path/Frameworks @loader_path/Frameworks";
				PRODUCT_NAME = "$(TARGET_NAME)";
				TEST_HOST = "$(BUILT_PRODUCTS_DIR)/Coffee Timer.app/Coffee Timer";
			};
			name = Debug;
		};
		B8E192B61B7371EA0073004F /* Release */ = {
			isa = XCBuildConfiguration;
			buildSettings = {
				BUNDLE_LOADER = "$(TEST_HOST)";
				FRAMEWORK_SEARCH_PATHS = (
					"$(SDKROOT)/Developer/Library/Frameworks",
					"$(inherited)",
				);
				INFOPLIST_FILE = "Coffee TimerTests/Info.plist";
				LD_RUNPATH_SEARCH_PATHS = "$(inherited) @executable_path/Frameworks @loader_path/Frameworks";
				PRODUCT_NAME = "$(TARGET_NAME)";
				TEST_HOST = "$(BUILT_PRODUCTS_DIR)/Coffee Timer.app/Coffee Timer";
			};
			name = Release;
		};
/* End XCBuildConfiguration section */

/* Begin XCConfigurationList section */
		B8E1928D1B7371E90073004F /* Build configuration list for PBXProject "Coffee Timer" */ = {
			isa = XCConfigurationList;
			buildConfigurations = (
				B8E192AF1B7371EA0073004F /* Debug */,
				B8E192B01B7371EA0073004F /* Release */,
			);
			defaultConfigurationIsVisible = 0;
			defaultConfigurationName = Release;
		};
		B8E192B11B7371EA0073004F /* Build configuration list for PBXNativeTarget "Coffee Timer" */ = {
			isa = XCConfigurationList;
			buildConfigurations = (
				B8E192B21B7371EA0073004F /* Debug */,
				B8E192B31B7371EA0073004F /* Release */,
			);
			defaultConfigurationIsVisible = 0;
			defaultConfigurationName = Release;
		};
		B8E192B41B7371EA0073004F /* Build configuration list for PBXNativeTarget "Coffee TimerTests" */ = {
			isa = XCConfigurationList;
			buildConfigurations = (
				B8E192B51B7371EA0073004F /* Debug */,
				B8E192B61B7371EA0073004F /* Release */,
			);
			defaultConfigurationIsVisible = 0;
			defaultConfigurationName = Release;
		};
/* End XCConfigurationList section */

/* Begin XCVersionGroup section */
		B8C0C0281B8BEFD900C9EB27 /* CoffeeTimer.xcdatamodeld */ = {
			isa = XCVersionGroup;
			children = (
				B8C0C0291B8BEFD900C9EB27 /* CoffeeTimer.xcdatamodel */,
			);
			currentVersion = B8C0C0291B8BEFD900C9EB27 /* CoffeeTimer.xcdatamodel */;
			path = CoffeeTimer.xcdatamodeld;
			sourceTree = "<group>";
			versionGroupType = wrapper.xcdatamodel;
		};
/* End XCVersionGroup section */
	};
	rootObject = B8E1928A1B7371E90073004F /* Project object */;
}
